
Microsoft Visual Studio Solution File, Format Version 12.00
# Visual Studio Version 16
VisualStudioVersion = 16.0.29509.3
MinimumVisualStudioVersion = 10.0.40219.1
Project("{FAE04EC0-301F-11D3-BF4B-00C04F79EFBC}") = "WpfColorPicker", "WpfColorPicker\WpfColorPicker.csproj", "{99E90579-62FC-4898-B168-24F7DBD3A34D}"
EndProject
Project("{FAE04EC0-301F-11D3-BF4B-00C04F79EFBC}") = "WpfColorPicker.Sample.NET451", "Samples\WpfColorPicker.Sample.CSharp\WpfColorPicker.Sample.NET451.csproj", "{EB55D2E8-A2D7-4B61-953B-AB422AA62571}"
EndProject
Global
	GlobalSection(SolutionConfigurationPlatforms) = preSolution
		Debug|Any CPU = Debug|Any CPU
		Release|Any CPU = Release|Any CPU
	EndGlobalSection
	GlobalSection(ProjectConfigurationPlatforms) = postSolution
		{99E90579-62FC-4898-B168-24F7DBD3A34D}.Debug|Any CPU.ActiveCfg = Release|Any CPU
		{99E90579-62FC-4898-B168-24F7DBD3A34D}.Debug|Any CPU.Build.0 = Release|Any CPU
		{99E90579-62FC-4898-B168-24F7DBD3A34D}.Release|Any CPU.ActiveCfg = Release|Any CPU
		{99E90579-62FC-4898-B168-24F7DBD3A34D}.Release|Any CPU.Build.0 = Release|Any CPU
		{EB55D2E8-A2D7-4B61-953B-AB422AA62571}.Debug|Any CPU.ActiveCfg = Debug|Any CPU
		{EB55D2E8-A2D7-4B61-953B-AB422AA62571}.Debug|Any CPU.Build.0 = Debug|Any CPU
		{EB55D2E8-A2D7-4B61-953B-AB422AA62571}.Release|Any CPU.ActiveCfg = Release|Any CPU
		{EB55D2E8-A2D7-4B61-953B-AB422AA62571}.Release|Any CPU.Build.0 = Release|Any CPU
	EndGlobalSection
	GlobalSection(SolutionProperties) = preSolution
		HideSolutionNode = FALSE
	EndGlobalSection
	GlobalSection(ExtensibilityGlobals) = postSolution
		SolutionGuid = {1ECD3ECC-0918-4FA2-9550-45DEAE4B2484}
	EndGlobalSection
EndGlobal
